
Microsoft Visual Studio Solution File, Format Version 12.00
# Visual Studio Version 16
VisualStudioVersion = 16.0.31424.327
MinimumVisualStudioVersion = 10.0.40219.1
Project("{9A19103F-16F7-4668-BE54-9A1E7A4F7556}") = "BankApp", "BankApp\BankApp.csproj", "{12B77F6B-E667-485A-90F9-20CDC4DFF81A}"
EndProject
Project("{9A19103F-16F7-4668-BE54-9A1E7A4F7556}") = "BankLibrary", "BankLibrary\BankLibrary.csproj", "{72BCEA71-E25D-431E-A697-147260749EE1}"
EndProject
Project("{9A19103F-16F7-4668-BE54-9A1E7A4F7556}") = "BankUI_2", "BankUI_2\BankUI_2.csproj", "{27346B04-B7E5-4DF1-992D-54D94D727AB0}"
EndProject
Project("{2150E333-8FDC-42A3-9474-1A3956D46DE8}") = "Modules", "Modules", "{D27A1B66-C0F0-4670-B6AC-A09BB6E04709}"
EndProject
Project("{FAE04EC0-301F-11D3-BF4B-00C04F79EFBC}") = "BankApp.Modules.Client", "BankApp.Modules.Client\BankApp.Modules.Client.csproj", "{195CF60D-28C4-4B36-A7E9-9EE743B0C6C3}"
EndProject
Global
	GlobalSection(SolutionConfigurationPlatforms) = preSolution
		Debug|Any CPU = Debug|Any CPU
		Release|Any CPU = Release|Any CPU
	EndGlobalSection
	GlobalSection(ProjectConfigurationPlatforms) = postSolution
		{12B77F6B-E667-485A-90F9-20CDC4DFF81A}.Debug|Any CPU.ActiveCfg = Debug|Any CPU
		{12B77F6B-E667-485A-90F9-20CDC4DFF81A}.Debug|Any CPU.Build.0 = Debug|Any CPU
		{12B77F6B-E667-485A-90F9-20CDC4DFF81A}.Release|Any CPU.ActiveCfg = Release|Any CPU
		{12B77F6B-E667-485A-90F9-20CDC4DFF81A}.Release|Any CPU.Build.0 = Release|Any CPU
		{72BCEA71-E25D-431E-A697-147260749EE1}.Debug|Any CPU.ActiveCfg = Debug|Any CPU
		{72BCEA71-E25D-431E-A697-147260749EE1}.Debug|Any CPU.Build.0 = Debug|Any CPU
		{72BCEA71-E25D-431E-A697-147260749EE1}.Release|Any CPU.ActiveCfg = Release|Any CPU
		{72BCEA71-E25D-431E-A697-147260749EE1}.Release|Any CPU.Build.0 = Release|Any CPU
		{27346B04-B7E5-4DF1-992D-54D94D727AB0}.Debug|Any CPU.ActiveCfg = Debug|Any CPU
		{27346B04-B7E5-4DF1-992D-54D94D727AB0}.Debug|Any CPU.Build.0 = Debug|Any CPU
		{27346B04-B7E5-4DF1-992D-54D94D727AB0}.Release|Any CPU.ActiveCfg = Release|Any CPU
		{27346B04-B7E5-4DF1-992D-54D94D727AB0}.Release|Any CPU.Build.0 = Release|Any CPU
		{195CF60D-28C4-4B36-A7E9-9EE743B0C6C3}.Debug|Any CPU.ActiveCfg = Debug|Any CPU
		{195CF60D-28C4-4B36-A7E9-9EE743B0C6C3}.Debug|Any CPU.Build.0 = Debug|Any CPU
		{195CF60D-28C4-4B36-A7E9-9EE743B0C6C3}.Release|Any CPU.ActiveCfg = Release|Any CPU
		{195CF60D-28C4-4B36-A7E9-9EE743B0C6C3}.Release|Any CPU.Build.0 = Release|Any CPU
	EndGlobalSection
	GlobalSection(SolutionProperties) = preSolution
		HideSolutionNode = FALSE
	EndGlobalSection
	GlobalSection(NestedProjects) = preSolution
		{195CF60D-28C4-4B36-A7E9-9EE743B0C6C3} = {D27A1B66-C0F0-4670-B6AC-A09BB6E04709}
	EndGlobalSection
	GlobalSection(ExtensibilityGlobals) = postSolution
		SolutionGuid = {35B3938A-CDE7-4BDC-BC9E-D1F37C6ACADF}
	EndGlobalSection
EndGlobal
